
Microsoft Visual Studio Solution File, Format Version 12.00
# Visual Studio Version 17
VisualStudioVersion = 17.8.34511.84
MinimumVisualStudioVersion = 10.0.40219.1
Project("{FAE04EC0-301F-11D3-BF4B-00C04F79EFBC}") = "Forgó_Balázs_Backend_uszoeb", "Forgó_Balázs_Backend_uszoeb.csproj", "{2598671F-61F6-4832-A2C8-EB2C598D167D}"
EndProject
Global
	GlobalSection(SolutionConfigurationPlatforms) = preSolution
		Debug|Any CPU = Debug|Any CPU
		Release|Any CPU = Release|Any CPU
	EndGlobalSection
	GlobalSection(ProjectConfigurationPlatforms) = postSolution
		{2598671F-61F6-4832-A2C8-EB2C598D167D}.Debug|Any CPU.ActiveCfg = Debug|Any CPU
		{2598671F-61F6-4832-A2C8-EB2C598D167D}.Debug|Any CPU.Build.0 = Debug|Any CPU
		{2598671F-61F6-4832-A2C8-EB2C598D167D}.Release|Any CPU.ActiveCfg = Release|Any CPU
		{2598671F-61F6-4832-A2C8-EB2C598D167D}.Release|Any CPU.Build.0 = Release|Any CPU
	EndGlobalSection
	GlobalSection(SolutionProperties) = preSolution
		HideSolutionNode = FALSE
	EndGlobalSection
	GlobalSection(ExtensibilityGlobals) = postSolution
		SolutionGuid = {5EF1DC71-0A90-4EEB-874D-5DC976A60267}
	EndGlobalSection
EndGlobal
