
Microsoft Visual Studio Solution File, Format Version 12.00
# Visual Studio Version 17
VisualStudioVersion = 17.8.34330.188
MinimumVisualStudioVersion = 10.0.40219.1
Project("{FAE04EC0-301F-11D3-BF4B-00C04F79EFBC}") = "Forgó_Balázs_Backend", "osztalynaplo\Forgó_Balázs_Backend.csproj", "{D4340310-EA2A-409D-987B-4DAD8DE0BC98}"
EndProject
Global
	GlobalSection(SolutionConfigurationPlatforms) = preSolution
		Debug|Any CPU = Debug|Any CPU
		Release|Any CPU = Release|Any CPU
	EndGlobalSection
	GlobalSection(ProjectConfigurationPlatforms) = postSolution
		{D4340310-EA2A-409D-987B-4DAD8DE0BC98}.Debug|Any CPU.ActiveCfg = Debug|Any CPU
		{D4340310-EA2A-409D-987B-4DAD8DE0BC98}.Debug|Any CPU.Build.0 = Debug|Any CPU
		{D4340310-EA2A-409D-987B-4DAD8DE0BC98}.Release|Any CPU.ActiveCfg = Release|Any CPU
		{D4340310-EA2A-409D-987B-4DAD8DE0BC98}.Release|Any CPU.Build.0 = Release|Any CPU
	EndGlobalSection
	GlobalSection(SolutionProperties) = preSolution
		HideSolutionNode = FALSE
	EndGlobalSection
	GlobalSection(ExtensibilityGlobals) = postSolution
		SolutionGuid = {CE6B770B-FCE2-466E-9F1D-72BC19AB1B91}
	EndGlobalSection
EndGlobal
